# This file is autogenerated, do not edit; changes may be undone by the next 'dep ensure'.


[[projects]]
  name = "cloud.google.com/go"
  packages = ["compute/metadata","datastore","iam","internal","internal/atomiccache","internal/fields","internal/optional","internal/trace","internal/version","storage"]
  revision = "1fd54cf41e6e0e178ffe3c52b0e2260281f603e3"
  version = "v0.32.0"

[[projects]]
  name = "github.com/campoy/embedmd"
  packages = [".","embedmd"]
  revision = "1cad720ae4d5da5ce1e31d4901a8eb4fa58bef6e"
  version = "v0.1"

[[projects]]
  name = "github.com/client9/misspell"
  packages = [".","cmd/misspell"]
  revision = "b90dc15cfd220ecf8bbc9043ecb928cef381f011"
  version = "v0.3.4"

[[projects]]
  name = "github.com/davecgh/go-spew"
  packages = ["spew"]
  revision = "8991bc29aa16c548c550c7ff78260e27b9ab7c73"
  version = "v1.1.1"

[[projects]]
  branch = "master"
  name = "github.com/dustin/go-broadcast"
  packages = ["."]
  revision = "f664265f5a662fb4d1df7f3533b1e8d0e0277120"

[[projects]]
  branch = "master"
  name = "github.com/gin-contrib/cors"
  packages = ["."]
  revision = "488de3ec974f4e37bb0eb426cdee1aa897726300"

[[projects]]
  branch = "master"
  name = "github.com/gin-contrib/sse"
  packages = ["."]
  revision = "22d885f9ecc78bf4ee5d72b937e4bbcdc58e8cae"

[[projects]]
  name = "github.com/gin-gonic/autotls"
  packages = ["."]
  revision = "5b3297bdcee778ff3bbdc99ab7c41e1c2677d22d"
  version = "0.0.1"

[[projects]]
  branch = "master"
  name = "github.com/gin-gonic/gin"
  packages = [".","binding","examples/grpc/pb","internal/json","render","testdata/protoexample"]
  revision = "c65e5efc9a0ae6666819cda8e9a86db4d3d19833"

[[projects]]
  branch = "master"
  name = "github.com/go-redis/redis"
  packages = [".","internal","internal/consistenthash","internal/hashtag","internal/pool","internal/proto","internal/singleflight","internal/util"]
  revision = "58f22c56fdbdf07f5d6f5e397a6e134b94c65b0c"

[[projects]]
  name = "github.com/gobwas/glob"
  packages = [".","compiler","match","syntax","syntax/ast","syntax/lexer","util/runes","util/strings"]
  revision = "5ccd90ef52e1e632236f7326478d4faa74f99438"
  version = "v0.2.3"

[[projects]]
  branch = "master"
  name = "github.com/golang/glog"
  packages = ["."]
  revision = "23def4e6c14b4da8ac2ed8007337bc5eb5007998"

[[projects]]
  branch = "travis-1.9"
  name = "github.com/golang/lint"
  packages = [".","golint"]
  revision = "883fe33ffc4344bad1ecd881f61afd5ec5d80e0a"

[[projects]]
  name = "github.com/golang/mock"
  packages = ["gomock"]
  revision = "c34cdb4725f4c3844d095133c6e40e448b86589b"
  version = "v1.1.1"

[[projects]]
  name = "github.com/golang/protobuf"
  packages = ["conformance/internal/conformance_proto","descriptor","jsonpb","jsonpb/jsonpb_test_proto","proto","proto/proto3_proto","proto/test_proto","protoc-gen-go","protoc-gen-go/descriptor","protoc-gen-go/generator","protoc-gen-go/generator/internal/remap","protoc-gen-go/grpc","protoc-gen-go/plugin","ptypes","ptypes/any","ptypes/duration","ptypes/empty","ptypes/struct","ptypes/timestamp","ptypes/wrappers"]
  revision = "aa810b61a9c79d51363740d207bb46cf8e620ed5"
  version = "v1.2.0"

[[projects]]
  name = "github.com/gomodule/redigo"
  packages = ["internal","redis"]
  revision = "9c11da706d9b7902c6da69c592f75637793fe121"
  version = "v2.0.0"

[[projects]]
  branch = "master"
  name = "github.com/google/gofuzz"
  packages = ["."]
  revision = "24818f796faf91cd76ec7bddd72458fbced7a6c1"

[[projects]]
  name = "github.com/googleapis/gax-go"
  packages = ["."]
  revision = "317e0006254c44a0ac427cc52a0e083ff0b9622f"
  version = "v2.0.0"

[[projects]]
  branch = "master"
  name = "github.com/gorilla/websocket"
  packages = ["."]
  revision = "483fb8d7c32fcb4b5636cd293a92e3935932e2f4"

[[projects]]
  branch = "master"
  name = "github.com/jessevdk/go-assets"
  packages = ["."]
  revision = "4f4301a06e153ff90e17793577ab6bf79f8dc5c5"

[[projects]]
  name = "github.com/json-iterator/go"
  packages = ["."]
  revision = "1624edc4454b8682399def8740d46db5e4362ba4"
  version = "v1.1.5"

[[projects]]
  name = "github.com/kisielk/gotool"
  packages = [".","internal/load"]
  revision = "80517062f582ea3340cd4baf70e86d539ae7d84d"
  version = "v1.0.0"

[[projects]]
  name = "github.com/kr/pretty"
  packages = ["."]
  revision = "73f6ac0b30a98e433b289500d779f50c1a6f0712"
  version = "v0.1.0"

[[projects]]
  name = "github.com/kr/text"
  packages = ["."]
  revision = "e2ffdb16a802fe2bb95e2e35ff34f0e53aeef34f"
  version = "v0.1.0"

[[projects]]
  branch = "master"
  name = "github.com/manucorporat/stats"
  packages = ["."]
  revision = "3ba42d56d227cf2a6086b63baba5e00669235853"

[[projects]]
  name = "github.com/mattn/go-isatty"
  packages = ["."]
  revision = "6ca4dbf54d38eea1a992b3c722a76a5d1c4cb25c"
  version = "v0.0.4"

[[projects]]
  name = "github.com/modern-go/concurrent"
  packages = ["."]
  revision = "bacd9c7ef1dd9b15be4a9909b8ac7a4e313eec94"
  version = "1.0.3"

[[projects]]
  name = "github.com/modern-go/reflect2"
  packages = ["."]
  revision = "4b7aa43c6742a2c18fdef89dd197aaae7dac7ccd"
  version = "1.0.1"

[[projects]]
  name = "github.com/pmezard/go-difflib"
  packages = ["difflib"]
  revision = "792786c7400a136282c1664665ae0a8db921c6c2"
  version = "v1.0.0"

[[projects]]
  name = "github.com/stretchr/testify"
  packages = ["assert","require"]
  revision = "f35b8ab0b5a2cef36673838d662e249dd9c94686"
  version = "v1.2.2"

[[projects]]
  name = "github.com/thinkerou/favicon"
  packages = ["."]
  revision = "94a442a49da6e2d44bdd5e0d2e2e185c43a19d93"
  version = "v0.1.0"

[[projects]]
  name = "github.com/ugorji/go"
  packages = ["codec"]
  revision = "b4c50a2b199d93b13dc15e78929cfb23bfdf21ab"
  version = "v1.1.1"

[[projects]]
  name = "go.opencensus.io"
  packages = [".","exemplar","internal","internal/tagencoding","plugin/ocgrpc","plugin/ochttp","plugin/ochttp/propagation/b3","stats","stats/internal","stats/view","tag","trace","trace/internal","trace/propagation","trace/tracestate"]
  revision = "b7bf3cdb64150a8c8c53b769fdeb2ba581bd4d4b"
  version = "v0.18.0"

[[projects]]
  branch = "master"
  name = "go4.org"
  packages = ["syncutil/singleflight"]
  revision = "417644f6feb5ed3a356ca5d6d8e3a3fac7dfd33f"

[[projects]]
  branch = "master"
  name = "golang.org/x/build"
  packages = ["autocertcache"]
  revision = "ee8efd410a262ad5faabfbfc8b723ad7d45a56f4"

[[projects]]
  branch = "master"
  name = "golang.org/x/crypto"
  packages = ["acme","acme/autocert","acme/autocert/internal/acmetest","blake2b","curve25519","ed25519","ed25519/internal/edwards25519","internal/chacha20","internal/subtle","nacl/auth","pkcs12/internal/rc2","poly1305","ssh","ssh/terminal"]
  revision = "4d3f4d9ffa16a13f451c3b2999e9c49e9750bf06"

[[projects]]
  branch = "master"
  name = "golang.org/x/lint"
  packages = [".","golint"]
  revision = "c67002cb31c3a748b7688c27f20d8358b4193582"

[[projects]]
  branch = "master"
  name = "golang.org/x/net"
  packages = ["context","context/ctxhttp","dns/dnsmessage","http/httpguts","http/httpproxy","http2","http2/hpack","idna","internal/nettest","internal/socks","internal/sockstest","internal/timeseries","trace","websocket"]
  revision = "c44066c5c816ec500d459a2a324a753f78531ae0"

[[projects]]
  branch = "master"
  name = "golang.org/x/oauth2"
  packages = [".","google","internal","jws","jwt"]
  revision = "f42d05182288abf10faef86d16c0d07b8d40ea2d"

[[projects]]
  branch = "master"
  name = "golang.org/x/sync"
  packages = ["errgroup"]
  revision = "1d60e4601c6fd243af51cc01ddf169918a5407ca"

[[projects]]
  branch = "master"
  name = "golang.org/x/sys"
  packages = ["cpu","unix","windows","windows/registry","windows/svc","windows/svc/debug","windows/svc/eventlog","windows/svc/mgr"]
  revision = "7e31e0c00fa05cb5fbf4347b585621d6709e19a4"

[[projects]]
  name = "golang.org/x/text"
  packages = ["cmd/gotext/examples/extract_http/pkg","collate","collate/build","encoding","encoding/charmap","encoding/ianaindex","encoding/internal","encoding/internal/identifier","encoding/japanese","encoding/korean","encoding/simplifiedchinese","encoding/traditionalchinese","encoding/unicode","feature/plural","internal","internal/catmsg","internal/cldrtree","internal/colltab","internal/format","internal/gen","internal/number","internal/stringset","internal/tag","internal/testtext","internal/triegen","internal/ucd","internal/utf8internal","language","message","message/catalog","message/pipeline","number","runes","secure/bidirule","transform","unicode/bidi","unicode/cldr","unicode/norm","unicode/rangetable","unicode/runenames"]
  revision = "f21a4dfb5e38f5895301dc265a8def02365cc3d0"
  version = "v0.3.0"

[[projects]]
  branch = "master"
  name = "golang.org/x/tools"
  packages = ["cmd/goimports","go/analysis","go/analysis/analysistest","go/analysis/internal/analysisflags","go/analysis/internal/checker","go/analysis/internal/facts","go/analysis/multichecker","go/analysis/passes/asmdecl","go/analysis/passes/assign","go/analysis/passes/atomic","go/analysis/passes/bools","go/analysis/passes/buildssa","go/analysis/passes/buildtag","go/analysis/passes/cgocall","go/analysis/passes/composite","go/analysis/passes/copylock","go/analysis/passes/ctrlflow","go/analysis/passes/findcall","go/analysis/passes/httpresponse","go/analysis/passes/inspect","go/analysis/passes/internal/analysisutil","go/analysis/passes/loopclosure","go/analysis/passes/lostcancel","go/analysis/passes/nilfunc","go/analysis/passes/nilness","go/analysis/passes/pkgfact","go/analysis/passes/printf","go/analysis/passes/shadow","go/analysis/passes/shift","go/analysis/passes/stdmethods","go/analysis/passes/structtag","go/analysis/passes/tests","go/analysis/passes/unreachable","go/analysis/passes/unsafeptr","go/analysis/passes/unusedresult","go/analysis/singlechecker","go/ast/astutil","go/ast/inspector","go/buildutil","go/cfg","go/gccgoexportdata","go/gcexportdata","go/internal/cgo","go/internal/gccgoimporter","go/internal/gcimporter","go/loader","go/packages","go/packages/packagestest","go/ssa","go/types/objectpath","go/types/typeutil","godoc/env","godoc/static","imports","internal/fastwalk","internal/gopathwalk","internal/jsonrpc2","internal/lsp/protocol","internal/memcache","internal/semver","playground","playground/socket","present","refactor/importgraph","refactor/rename","refactor/satisfy"]
  revision = "bb28844c46df63910d88c11eb36098ce781adfa0"

[[projects]]
  branch = "master"
  name = "google.golang.org/api"
  packages = ["compute/v1","gensupport","googleapi","googleapi/internal/uritemplates","googleapi/transport","internal","iterator","option","storage/v1","transport/grpc","transport/http","transport/http/internal/propagation"]
  revision = "c75846e6b94d2eded794529e4016d3d19ae6eeb1"

[[projects]]
  name = "google.golang.org/appengine"
  packages = [".","internal","internal/app_identity","internal/base","internal/datastore","internal/log","internal/modules","internal/remote_api","internal/socket","internal/urlfetch","internal/user","log","socket","urlfetch","user"]
  revision = "4a4468ece617fc8205e99368fa2200e9d1fad421"
  version = "v1.3.0"

[[projects]]
  branch = "master"
  name = "google.golang.org/genproto"
  packages = ["googleapis/api/annotations","googleapis/api/configchange","googleapis/api/distribution","googleapis/api/httpbody","googleapis/api/label","googleapis/api/metric","googleapis/api/monitoredres","googleapis/api/serviceconfig","googleapis/cloud/audit","googleapis/cloud/oslogin/common","googleapis/cloud/support/common","googleapis/datastore/v1","googleapis/devtools/containeranalysis/v1beta1/attestation","googleapis/devtools/containeranalysis/v1beta1/build","googleapis/devtools/containeranalysis/v1beta1/common","googleapis/devtools/containeranalysis/v1beta1/deployment","googleapis/devtools/containeranalysis/v1beta1/discovery","googleapis/devtools/containeranalysis/v1beta1/image","googleapis/devtools/containeranalysis/v1beta1/package","googleapis/devtools/containeranalysis/v1beta1/provenance","googleapis/devtools/containeranalysis/v1beta1/source","googleapis/devtools/containeranalysis/v1beta1/vulnerability","googleapis/devtools/source/v1","googleapis/iam/v1","googleapis/logging/type","googleapis/longrunning","googleapis/rpc/code","googleapis/rpc/errdetails","googleapis/rpc/status","googleapis/type/color","googleapis/type/date","googleapis/type/dayofweek","googleapis/type/latlng","googleapis/type/money","googleapis/type/timeofday","protobuf/api","protobuf/field_mask","protobuf/ptype","protobuf/source_context"]
  revision = "b69ba1387ce2108ac9bc8e8e5e5a46e7d5c72313"

[[projects]]
  name = "google.golang.org/grpc"
  packages = [".","balancer","balancer/base","balancer/grpclb","balancer/grpclb/grpc_lb_v1","balancer/roundrobin","benchmark","benchmark/grpc_testing","benchmark/latency","benchmark/stats","binarylog/grpc_binarylog_v1","channelz/grpc_channelz_v1","codes","connectivity","credentials","credentials/alts","credentials/alts/internal","credentials/alts/internal/authinfo","credentials/alts/internal/conn","credentials/alts/internal/handshaker","credentials/alts/internal/handshaker/service","credentials/alts/internal/proto/grpc_gcp","credentials/alts/internal/testutil","credentials/google","credentials/oauth","encoding","encoding/gzip","encoding/proto","examples/helloworld/helloworld","examples/helloworld/mock_helloworld","examples/route_guide/mock_routeguide","examples/route_guide/routeguide","grpclog","grpclog/glogger","health","health/grpc_health_v1","internal","internal/backoff","internal/channelz","internal/envconfig","internal/grpcrand","internal/grpcsync","internal/leakcheck","internal/syscall","internal/testutils","internal/transport","interop","interop/grpc_testing","keepalive","metadata","naming","peer","reflection","reflection/grpc_reflection_v1alpha","resolver","resolver/dns","resolver/manual","resolver/passthrough","stats","status","stress/grpc_testing","tap","test/bufconn","test/codec_perf","test/grpc_testing","testdata"]
  revision = "2e463a05d100327ca47ac218281906921038fd95"
  version = "v1.16.0"

[[projects]]
  branch = "v1"
  name = "gopkg.in/check.v1"
  packages = ["."]
  revision = "788fd78401277ebd861206a03c884797c6ec5541"

[[projects]]
  name = "gopkg.in/go-playground/assert.v1"
  packages = ["."]
  revision = "4f4dfbc7d1c48336cf93399deae81aa9067e88af"
  version = "v1.2.1"

[[projects]]
  name = "gopkg.in/go-playground/validator.v8"
  packages = ["."]
  revision = "5f1438d3fca68893a817e4a66806cea46a9e4ebf"
  version = "v8.18.2"

[[projects]]
  name = "gopkg.in/yaml.v2"
  packages = ["."]
  revision = "5420a8b6744d3b0345ab293f6fcba19c978f1183"
  version = "v2.2.1"

[[projects]]
  name = "honnef.co/go/tools"
  packages = ["callgraph","callgraph/static","cmd/staticcheck","deprecated","functions","internal/sharedcheck","lint","lint/lintutil","ssa","ssa/ssautil","staticcheck","staticcheck/vrp","version"]
  revision = "d73ab98e7c39fdcf9ba65062e43d34310f198353"
  version = "2017.2.2"

[solve-meta]
  analyzer-name = "dep"
  analyzer-version = 1
  inputs-digest = "c988a0862c82b4d7a4e7acca638e3346ada5e77e5ecffb1a8181903f6d1dacd7"
  solver-name = "gps-cdcl"
  solver-version = 1
